
Microsoft Visual Studio Solution File, Format Version 12.00
# Visual Studio 15
VisualStudioVersion = 15.0.28307.1022
MinimumVisualStudioVersion = 10.0.40219.1
Project("{FAE04EC0-301F-11D3-BF4B-00C04F79EFBC}") = "Sua.Inventario.Api", "Sua.Inventario.Api\Sua.Inventario.Api.csproj", "{B55700C3-98AB-477E-88A8-94562B04CF29}"
EndProject
Project("{FAE04EC0-301F-11D3-BF4B-00C04F79EFBC}") = "Sua.Inventario.Biz", "Sua.Inventario.Biz\Sua.Inventario.Biz.csproj", "{C3FC2241-0C8E-4822-9672-9A9F53909A4A}"
EndProject
Project("{FAE04EC0-301F-11D3-BF4B-00C04F79EFBC}") = "Sua.Inventario.Dal", "Sua.Inventario.Dal\Sua.Inventario.Dal.csproj", "{8A7FA9C0-B4EF-4988-98A1-3ADF2F138B5D}"
EndProject
Project("{2150E333-8FDC-42A3-9474-1A3956D46DE8}") = "1.Frontend", "1.Frontend", "{92159B45-C45A-4F23-8D44-F0BE749CDBD1}"
EndProject
Project("{2150E333-8FDC-42A3-9474-1A3956D46DE8}") = "2.BackEnd", "2.BackEnd", "{B562F372-E175-42A3-A7BF-5330788447E6}"
EndProject
Project("{FAE04EC0-301F-11D3-BF4B-00C04F79EFBC}") = "Sua.Inventario.Entities", "Sua.Inventario.Entities\Sua.Inventario.Entities.csproj", "{6482B889-7F85-4139-A7AD-177F4DEE826D}"
EndProject
Project("{E24C65DC-7377-472B-9ABA-BC803B73C61A}") = "Sua.Inventario.Web", "Sua.Inventario.Web\", "{FC12250E-1476-4597-9DBE-B65A0E399011}"
	ProjectSection(WebsiteProperties) = preProject
		TargetFrameworkMoniker = ".NETFramework,Version%3Dv4.0"
		Debug.AspNetCompiler.VirtualPath = "/localhost_59204"
		Debug.AspNetCompiler.PhysicalPath = "Sua.Inventario.Web\"
		Debug.AspNetCompiler.TargetPath = "PrecompiledWeb\localhost_59204\"
		Debug.AspNetCompiler.Updateable = "true"
		Debug.AspNetCompiler.ForceOverwrite = "true"
		Debug.AspNetCompiler.FixedNames = "false"
		Debug.AspNetCompiler.Debug = "True"
		Release.AspNetCompiler.VirtualPath = "/localhost_59204"
		Release.AspNetCompiler.PhysicalPath = "Sua.Inventario.Web\"
		Release.AspNetCompiler.TargetPath = "PrecompiledWeb\localhost_59204\"
		Release.AspNetCompiler.Updateable = "true"
		Release.AspNetCompiler.ForceOverwrite = "true"
		Release.AspNetCompiler.FixedNames = "false"
		Release.AspNetCompiler.Debug = "False"
		VWDPort = "59204"
		SlnRelativePath = "Sua.Inventario.Web\"
	EndProjectSection
EndProject
Project("{2150E333-8FDC-42A3-9474-1A3956D46DE8}") = "3.Test", "3.Test", "{01905970-2BD9-4031-85BB-A03A1DDDD3AA}"
EndProject
Project("{FAE04EC0-301F-11D3-BF4B-00C04F79EFBC}") = "Sua.Inventario.Test", "Sua.Inventario.Test\Sua.Inventario.Test.csproj", "{5F404B36-E44F-483A-9213-07CF53CAB94D}"
EndProject
Project("{00D1A9C2-B5F0-4AF3-8072-F6C62B433612}") = "Sua.Inventario.DB", "Sua.Inventario.DB\Sua.Inventario.DB.sqlproj", "{4968E4BA-ECD1-4C99-9101-7604CFF84B99}"
EndProject
Global
	GlobalSection(SolutionConfigurationPlatforms) = preSolution
		Debug|Any CPU = Debug|Any CPU
		DESA|Any CPU = DESA|Any CPU
		IDE|Any CPU = IDE|Any CPU
		PROD|Any CPU = PROD|Any CPU
		Release|Any CPU = Release|Any CPU
	EndGlobalSection
	GlobalSection(ProjectConfigurationPlatforms) = postSolution
		{B55700C3-98AB-477E-88A8-94562B04CF29}.Debug|Any CPU.ActiveCfg = Debug|Any CPU
		{B55700C3-98AB-477E-88A8-94562B04CF29}.Debug|Any CPU.Build.0 = Debug|Any CPU
		{B55700C3-98AB-477E-88A8-94562B04CF29}.DESA|Any CPU.ActiveCfg = DESA|Any CPU
		{B55700C3-98AB-477E-88A8-94562B04CF29}.DESA|Any CPU.Build.0 = DESA|Any CPU
		{B55700C3-98AB-477E-88A8-94562B04CF29}.IDE|Any CPU.ActiveCfg = IDE|Any CPU
		{B55700C3-98AB-477E-88A8-94562B04CF29}.IDE|Any CPU.Build.0 = IDE|Any CPU
		{B55700C3-98AB-477E-88A8-94562B04CF29}.PROD|Any CPU.ActiveCfg = PROD|Any CPU
		{B55700C3-98AB-477E-88A8-94562B04CF29}.PROD|Any CPU.Build.0 = PROD|Any CPU
		{B55700C3-98AB-477E-88A8-94562B04CF29}.Release|Any CPU.ActiveCfg = Release|Any CPU
		{B55700C3-98AB-477E-88A8-94562B04CF29}.Release|Any CPU.Build.0 = Release|Any CPU
		{C3FC2241-0C8E-4822-9672-9A9F53909A4A}.Debug|Any CPU.ActiveCfg = Debug|Any CPU
		{C3FC2241-0C8E-4822-9672-9A9F53909A4A}.Debug|Any CPU.Build.0 = Debug|Any CPU
		{C3FC2241-0C8E-4822-9672-9A9F53909A4A}.DESA|Any CPU.ActiveCfg = Release|Any CPU
		{C3FC2241-0C8E-4822-9672-9A9F53909A4A}.DESA|Any CPU.Build.0 = Release|Any CPU
		{C3FC2241-0C8E-4822-9672-9A9F53909A4A}.IDE|Any CPU.ActiveCfg = IDE|Any CPU
		{C3FC2241-0C8E-4822-9672-9A9F53909A4A}.IDE|Any CPU.Build.0 = IDE|Any CPU
		{C3FC2241-0C8E-4822-9672-9A9F53909A4A}.PROD|Any CPU.ActiveCfg = PROD|Any CPU
		{C3FC2241-0C8E-4822-9672-9A9F53909A4A}.PROD|Any CPU.Build.0 = PROD|Any CPU
		{C3FC2241-0C8E-4822-9672-9A9F53909A4A}.Release|Any CPU.ActiveCfg = Release|Any CPU
		{C3FC2241-0C8E-4822-9672-9A9F53909A4A}.Release|Any CPU.Build.0 = Release|Any CPU
		{8A7FA9C0-B4EF-4988-98A1-3ADF2F138B5D}.Debug|Any CPU.ActiveCfg = Debug|Any CPU
		{8A7FA9C0-B4EF-4988-98A1-3ADF2F138B5D}.Debug|Any CPU.Build.0 = Debug|Any CPU
		{8A7FA9C0-B4EF-4988-98A1-3ADF2F138B5D}.DESA|Any CPU.ActiveCfg = Release|Any CPU
		{8A7FA9C0-B4EF-4988-98A1-3ADF2F138B5D}.DESA|Any CPU.Build.0 = Release|Any CPU
		{8A7FA9C0-B4EF-4988-98A1-3ADF2F138B5D}.IDE|Any CPU.ActiveCfg = IDE|Any CPU
		{8A7FA9C0-B4EF-4988-98A1-3ADF2F138B5D}.IDE|Any CPU.Build.0 = IDE|Any CPU
		{8A7FA9C0-B4EF-4988-98A1-3ADF2F138B5D}.PROD|Any CPU.ActiveCfg = PROD|Any CPU
		{8A7FA9C0-B4EF-4988-98A1-3ADF2F138B5D}.PROD|Any CPU.Build.0 = PROD|Any CPU
		{8A7FA9C0-B4EF-4988-98A1-3ADF2F138B5D}.Release|Any CPU.ActiveCfg = Release|Any CPU
		{8A7FA9C0-B4EF-4988-98A1-3ADF2F138B5D}.Release|Any CPU.Build.0 = Release|Any CPU
		{6482B889-7F85-4139-A7AD-177F4DEE826D}.Debug|Any CPU.ActiveCfg = Debug|Any CPU
		{6482B889-7F85-4139-A7AD-177F4DEE826D}.Debug|Any CPU.Build.0 = Debug|Any CPU
		{6482B889-7F85-4139-A7AD-177F4DEE826D}.DESA|Any CPU.ActiveCfg = Release|Any CPU
		{6482B889-7F85-4139-A7AD-177F4DEE826D}.DESA|Any CPU.Build.0 = Release|Any CPU
		{6482B889-7F85-4139-A7AD-177F4DEE826D}.IDE|Any CPU.ActiveCfg = IDE|Any CPU
		{6482B889-7F85-4139-A7AD-177F4DEE826D}.IDE|Any CPU.Build.0 = IDE|Any CPU
		{6482B889-7F85-4139-A7AD-177F4DEE826D}.PROD|Any CPU.ActiveCfg = PROD|Any CPU
		{6482B889-7F85-4139-A7AD-177F4DEE826D}.PROD|Any CPU.Build.0 = PROD|Any CPU
		{6482B889-7F85-4139-A7AD-177F4DEE826D}.Release|Any CPU.ActiveCfg = Release|Any CPU
		{6482B889-7F85-4139-A7AD-177F4DEE826D}.Release|Any CPU.Build.0 = Release|Any CPU
		{FC12250E-1476-4597-9DBE-B65A0E399011}.Debug|Any CPU.ActiveCfg = Debug|Any CPU
		{FC12250E-1476-4597-9DBE-B65A0E399011}.DESA|Any CPU.ActiveCfg = Debug|Any CPU
		{FC12250E-1476-4597-9DBE-B65A0E399011}.IDE|Any CPU.ActiveCfg = Debug|Any CPU
		{FC12250E-1476-4597-9DBE-B65A0E399011}.PROD|Any CPU.ActiveCfg = Debug|Any CPU
		{FC12250E-1476-4597-9DBE-B65A0E399011}.Release|Any CPU.ActiveCfg = Debug|Any CPU
		{5F404B36-E44F-483A-9213-07CF53CAB94D}.Debug|Any CPU.ActiveCfg = Debug|Any CPU
		{5F404B36-E44F-483A-9213-07CF53CAB94D}.Debug|Any CPU.Build.0 = Debug|Any CPU
		{5F404B36-E44F-483A-9213-07CF53CAB94D}.DESA|Any CPU.ActiveCfg = Release|Any CPU
		{5F404B36-E44F-483A-9213-07CF53CAB94D}.DESA|Any CPU.Build.0 = Release|Any CPU
		{5F404B36-E44F-483A-9213-07CF53CAB94D}.IDE|Any CPU.ActiveCfg = Release|Any CPU
		{5F404B36-E44F-483A-9213-07CF53CAB94D}.IDE|Any CPU.Build.0 = Release|Any CPU
		{5F404B36-E44F-483A-9213-07CF53CAB94D}.PROD|Any CPU.ActiveCfg = Release|Any CPU
		{5F404B36-E44F-483A-9213-07CF53CAB94D}.PROD|Any CPU.Build.0 = Release|Any CPU
		{5F404B36-E44F-483A-9213-07CF53CAB94D}.Release|Any CPU.ActiveCfg = Release|Any CPU
		{5F404B36-E44F-483A-9213-07CF53CAB94D}.Release|Any CPU.Build.0 = Release|Any CPU
		{4968E4BA-ECD1-4C99-9101-7604CFF84B99}.Debug|Any CPU.ActiveCfg = Debug|Any CPU
		{4968E4BA-ECD1-4C99-9101-7604CFF84B99}.DESA|Any CPU.ActiveCfg = Debug|Any CPU
		{4968E4BA-ECD1-4C99-9101-7604CFF84B99}.IDE|Any CPU.ActiveCfg = Debug|Any CPU
		{4968E4BA-ECD1-4C99-9101-7604CFF84B99}.PROD|Any CPU.ActiveCfg = Debug|Any CPU
		{4968E4BA-ECD1-4C99-9101-7604CFF84B99}.Release|Any CPU.ActiveCfg = Release|Any CPU
	EndGlobalSection
	GlobalSection(SolutionProperties) = preSolution
		HideSolutionNode = FALSE
	EndGlobalSection
	GlobalSection(NestedProjects) = preSolution
		{B55700C3-98AB-477E-88A8-94562B04CF29} = {92159B45-C45A-4F23-8D44-F0BE749CDBD1}
		{C3FC2241-0C8E-4822-9672-9A9F53909A4A} = {B562F372-E175-42A3-A7BF-5330788447E6}
		{8A7FA9C0-B4EF-4988-98A1-3ADF2F138B5D} = {B562F372-E175-42A3-A7BF-5330788447E6}
		{6482B889-7F85-4139-A7AD-177F4DEE826D} = {B562F372-E175-42A3-A7BF-5330788447E6}
		{FC12250E-1476-4597-9DBE-B65A0E399011} = {92159B45-C45A-4F23-8D44-F0BE749CDBD1}
		{5F404B36-E44F-483A-9213-07CF53CAB94D} = {01905970-2BD9-4031-85BB-A03A1DDDD3AA}
		{4968E4BA-ECD1-4C99-9101-7604CFF84B99} = {B562F372-E175-42A3-A7BF-5330788447E6}
	EndGlobalSection
	GlobalSection(ExtensibilityGlobals) = postSolution
		SolutionGuid = {FBC7F0C1-B6F7-4F4B-80D5-0EBB6AB7F5CE}
	EndGlobalSection
EndGlobal
