
Microsoft Visual Studio Solution File, Format Version 12.00
# Visual Studio 14
VisualStudioVersion = 14.0.25420.1
MinimumVisualStudioVersion = 10.0.40219.1
Project("{FAE04EC0-301F-11D3-BF4B-00C04F79EFBC}") = "Sua.IWMS.Web", "Sua.IWMS.Web\Sua.IWMS.Web.csproj", "{74A2CC31-A840-45AB-849D-17D50207EB2E}"
EndProject
Project("{FAE04EC0-301F-11D3-BF4B-00C04F79EFBC}") = "Sua.IWMS.Biz", "Sua.IWMS.Biz\Sua.IWMS.Biz.csproj", "{B0BEBE9C-43D5-41A3-9856-C4F94D4D5EAA}"
EndProject
Project("{FAE04EC0-301F-11D3-BF4B-00C04F79EFBC}") = "Sua.IWMS.Dal", "Sua.IWMS.Dal\Sua.IWMS.Dal.csproj", "{618BFECF-D17F-4A83-B125-6692D92BA091}"
EndProject
Project("{FAE04EC0-301F-11D3-BF4B-00C04F79EFBC}") = "Sua.IWMS.Ent", "Sua.IWMS.Ent\Sua.IWMS.Ent.csproj", "{17B4A79B-476F-4FB7-85F8-F6B0EF8D22C9}"
EndProject
Project("{2150E333-8FDC-42A3-9474-1A3956D46DE8}") = "1. FrontEnd", "1. FrontEnd", "{AEB7C9C3-E7EC-4FD2-B721-24913B871546}"
EndProject
Project("{2150E333-8FDC-42A3-9474-1A3956D46DE8}") = "2. BackEnd", "2. BackEnd", "{14211BF1-0207-4499-A121-B6E81CD65F59}"
EndProject
Project("{2150E333-8FDC-42A3-9474-1A3956D46DE8}") = "3. Test", "3. Test", "{CD4A9C1B-C879-4474-937B-5B2F4C6DD366}"
EndProject
Project("{FAE04EC0-301F-11D3-BF4B-00C04F79EFBC}") = "Sua.IWMS.Test", "Sua.IWMS.Test\Sua.IWMS.Test.csproj", "{9F861DBA-8618-4F79-BFBF-A8062A341D7E}"
EndProject
Project("{2150E333-8FDC-42A3-9474-1A3956D46DE8}") = "4. Automation", "4. Automation", "{8A51B75E-6AD4-4B05-A335-81612ECF7811}"
	ProjectSection(SolutionItems) = preProject
		nuget\nuget.exe = nuget\nuget.exe
	EndProjectSection
EndProject
Project("{00D1A9C2-B5F0-4AF3-8072-F6C62B433612}") = "Sua.IWMS.DB", "Sua.IWMS.DB\Sua.IWMS.DB.sqlproj", "{CF22831E-9EA2-4FDF-A22B-8F8C2999EC55}"
EndProject
Global
	GlobalSection(SolutionConfigurationPlatforms) = preSolution
		Debug|Any CPU = Debug|Any CPU
		desa|Any CPU = desa|Any CPU
		ide|Any CPU = ide|Any CPU
		prod|Any CPU = prod|Any CPU
		Release|Any CPU = Release|Any CPU
	EndGlobalSection
	GlobalSection(ProjectConfigurationPlatforms) = postSolution
		{74A2CC31-A840-45AB-849D-17D50207EB2E}.Debug|Any CPU.ActiveCfg = Debug|Any CPU
		{74A2CC31-A840-45AB-849D-17D50207EB2E}.Debug|Any CPU.Build.0 = Debug|Any CPU
		{74A2CC31-A840-45AB-849D-17D50207EB2E}.desa|Any CPU.ActiveCfg = Debug|Any CPU
		{74A2CC31-A840-45AB-849D-17D50207EB2E}.desa|Any CPU.Build.0 = Debug|Any CPU
		{74A2CC31-A840-45AB-849D-17D50207EB2E}.ide|Any CPU.ActiveCfg = Debug|Any CPU
		{74A2CC31-A840-45AB-849D-17D50207EB2E}.ide|Any CPU.Build.0 = Debug|Any CPU
		{74A2CC31-A840-45AB-849D-17D50207EB2E}.prod|Any CPU.ActiveCfg = Release|Any CPU
		{74A2CC31-A840-45AB-849D-17D50207EB2E}.prod|Any CPU.Build.0 = Release|Any CPU
		{74A2CC31-A840-45AB-849D-17D50207EB2E}.Release|Any CPU.ActiveCfg = Release|Any CPU
		{74A2CC31-A840-45AB-849D-17D50207EB2E}.Release|Any CPU.Build.0 = Release|Any CPU
		{B0BEBE9C-43D5-41A3-9856-C4F94D4D5EAA}.Debug|Any CPU.ActiveCfg = Debug|Any CPU
		{B0BEBE9C-43D5-41A3-9856-C4F94D4D5EAA}.Debug|Any CPU.Build.0 = Debug|Any CPU
		{B0BEBE9C-43D5-41A3-9856-C4F94D4D5EAA}.desa|Any CPU.ActiveCfg = Debug|Any CPU
		{B0BEBE9C-43D5-41A3-9856-C4F94D4D5EAA}.desa|Any CPU.Build.0 = Debug|Any CPU
		{B0BEBE9C-43D5-41A3-9856-C4F94D4D5EAA}.ide|Any CPU.ActiveCfg = Debug|Any CPU
		{B0BEBE9C-43D5-41A3-9856-C4F94D4D5EAA}.ide|Any CPU.Build.0 = Debug|Any CPU
		{B0BEBE9C-43D5-41A3-9856-C4F94D4D5EAA}.prod|Any CPU.ActiveCfg = Release|Any CPU
		{B0BEBE9C-43D5-41A3-9856-C4F94D4D5EAA}.prod|Any CPU.Build.0 = Release|Any CPU
		{B0BEBE9C-43D5-41A3-9856-C4F94D4D5EAA}.Release|Any CPU.ActiveCfg = Release|Any CPU
		{B0BEBE9C-43D5-41A3-9856-C4F94D4D5EAA}.Release|Any CPU.Build.0 = Release|Any CPU
		{618BFECF-D17F-4A83-B125-6692D92BA091}.Debug|Any CPU.ActiveCfg = Debug|Any CPU
		{618BFECF-D17F-4A83-B125-6692D92BA091}.Debug|Any CPU.Build.0 = Debug|Any CPU
		{618BFECF-D17F-4A83-B125-6692D92BA091}.desa|Any CPU.ActiveCfg = Debug|Any CPU
		{618BFECF-D17F-4A83-B125-6692D92BA091}.desa|Any CPU.Build.0 = Debug|Any CPU
		{618BFECF-D17F-4A83-B125-6692D92BA091}.ide|Any CPU.ActiveCfg = Debug|Any CPU
		{618BFECF-D17F-4A83-B125-6692D92BA091}.ide|Any CPU.Build.0 = Debug|Any CPU
		{618BFECF-D17F-4A83-B125-6692D92BA091}.prod|Any CPU.ActiveCfg = Release|Any CPU
		{618BFECF-D17F-4A83-B125-6692D92BA091}.prod|Any CPU.Build.0 = Release|Any CPU
		{618BFECF-D17F-4A83-B125-6692D92BA091}.Release|Any CPU.ActiveCfg = Release|Any CPU
		{618BFECF-D17F-4A83-B125-6692D92BA091}.Release|Any CPU.Build.0 = Release|Any CPU
		{17B4A79B-476F-4FB7-85F8-F6B0EF8D22C9}.Debug|Any CPU.ActiveCfg = Debug|Any CPU
		{17B4A79B-476F-4FB7-85F8-F6B0EF8D22C9}.Debug|Any CPU.Build.0 = Debug|Any CPU
		{17B4A79B-476F-4FB7-85F8-F6B0EF8D22C9}.desa|Any CPU.ActiveCfg = Debug|Any CPU
		{17B4A79B-476F-4FB7-85F8-F6B0EF8D22C9}.desa|Any CPU.Build.0 = Debug|Any CPU
		{17B4A79B-476F-4FB7-85F8-F6B0EF8D22C9}.ide|Any CPU.ActiveCfg = Debug|Any CPU
		{17B4A79B-476F-4FB7-85F8-F6B0EF8D22C9}.ide|Any CPU.Build.0 = Debug|Any CPU
		{17B4A79B-476F-4FB7-85F8-F6B0EF8D22C9}.prod|Any CPU.ActiveCfg = Release|Any CPU
		{17B4A79B-476F-4FB7-85F8-F6B0EF8D22C9}.prod|Any CPU.Build.0 = Release|Any CPU
		{17B4A79B-476F-4FB7-85F8-F6B0EF8D22C9}.Release|Any CPU.ActiveCfg = Release|Any CPU
		{17B4A79B-476F-4FB7-85F8-F6B0EF8D22C9}.Release|Any CPU.Build.0 = Release|Any CPU
		{9F861DBA-8618-4F79-BFBF-A8062A341D7E}.Debug|Any CPU.ActiveCfg = Debug|Any CPU
		{9F861DBA-8618-4F79-BFBF-A8062A341D7E}.Debug|Any CPU.Build.0 = Debug|Any CPU
		{9F861DBA-8618-4F79-BFBF-A8062A341D7E}.desa|Any CPU.ActiveCfg = Debug|Any CPU
		{9F861DBA-8618-4F79-BFBF-A8062A341D7E}.desa|Any CPU.Build.0 = Debug|Any CPU
		{9F861DBA-8618-4F79-BFBF-A8062A341D7E}.ide|Any CPU.ActiveCfg = Debug|Any CPU
		{9F861DBA-8618-4F79-BFBF-A8062A341D7E}.ide|Any CPU.Build.0 = Debug|Any CPU
		{9F861DBA-8618-4F79-BFBF-A8062A341D7E}.prod|Any CPU.ActiveCfg = Release|Any CPU
		{9F861DBA-8618-4F79-BFBF-A8062A341D7E}.prod|Any CPU.Build.0 = Release|Any CPU
		{9F861DBA-8618-4F79-BFBF-A8062A341D7E}.Release|Any CPU.ActiveCfg = Release|Any CPU
		{9F861DBA-8618-4F79-BFBF-A8062A341D7E}.Release|Any CPU.Build.0 = Release|Any CPU
		{CF22831E-9EA2-4FDF-A22B-8F8C2999EC55}.Debug|Any CPU.ActiveCfg = Debug|Any CPU
		{CF22831E-9EA2-4FDF-A22B-8F8C2999EC55}.desa|Any CPU.ActiveCfg = Debug|Any CPU
		{CF22831E-9EA2-4FDF-A22B-8F8C2999EC55}.ide|Any CPU.ActiveCfg = Debug|Any CPU
		{CF22831E-9EA2-4FDF-A22B-8F8C2999EC55}.prod|Any CPU.ActiveCfg = Release|Any CPU
		{CF22831E-9EA2-4FDF-A22B-8F8C2999EC55}.Release|Any CPU.ActiveCfg = Release|Any CPU
	EndGlobalSection
	GlobalSection(SolutionProperties) = preSolution
		HideSolutionNode = FALSE
	EndGlobalSection
	GlobalSection(NestedProjects) = preSolution
		{74A2CC31-A840-45AB-849D-17D50207EB2E} = {AEB7C9C3-E7EC-4FD2-B721-24913B871546}
		{B0BEBE9C-43D5-41A3-9856-C4F94D4D5EAA} = {14211BF1-0207-4499-A121-B6E81CD65F59}
		{618BFECF-D17F-4A83-B125-6692D92BA091} = {14211BF1-0207-4499-A121-B6E81CD65F59}
		{17B4A79B-476F-4FB7-85F8-F6B0EF8D22C9} = {14211BF1-0207-4499-A121-B6E81CD65F59}
		{9F861DBA-8618-4F79-BFBF-A8062A341D7E} = {CD4A9C1B-C879-4474-937B-5B2F4C6DD366}
		{CF22831E-9EA2-4FDF-A22B-8F8C2999EC55} = {14211BF1-0207-4499-A121-B6E81CD65F59}
	EndGlobalSection
EndGlobal
