
Microsoft Visual Studio Solution File, Format Version 11.00
# Visual Studio 2010
Project("{2150E333-8FDC-42A3-9474-1A3956D46DE8}") = "1.FrontEnd", "1.FrontEnd", "{974A6CC8-3550-4B5C-880D-5F2115DEB4D9}"
EndProject
Project("{2150E333-8FDC-42A3-9474-1A3956D46DE8}") = "2.Publisher", "2.Publisher", "{E6212251-F057-4C60-BEC0-B414D82181BD}"
EndProject
Project("{2150E333-8FDC-42A3-9474-1A3956D46DE8}") = "3.BackEnd", "3.BackEnd", "{B3BA82A4-4872-4803-B3A3-00E026C6A356}"
EndProject
Project("{2150E333-8FDC-42A3-9474-1A3956D46DE8}") = "4.Test", "4.Test", "{EC0B1D83-7375-4203-8E21-5437E320F0C8}"
EndProject
Project("{2150E333-8FDC-42A3-9474-1A3956D46DE8}") = "Solution Items", "Solution Items", "{4EAD0506-A7C9-4EAF-B38A-47F2273B3025}"
	ProjectSection(SolutionItems) = preProject
		InventarioWMS.vsmdi = InventarioWMS.vsmdi
		Local.testsettings = Local.testsettings
		TraceAndTestImpact.testsettings = TraceAndTestImpact.testsettings
	EndProjectSection
EndProject
Project("{FAE04EC0-301F-11D3-BF4B-00C04F79EFBC}") = "xAsm", "xAsm\xAsm.csproj", "{20961ED4-0D9F-4B4E-A17C-E2A651603846}"
EndProject
Project("{FAE04EC0-301F-11D3-BF4B-00C04F79EFBC}") = "InventarioWMSBiz", "InventarioWMSBiz\InventarioWMSBiz.csproj", "{530BF6EF-791C-49B3-910E-163DEABCA229}"
EndProject
Project("{FAE04EC0-301F-11D3-BF4B-00C04F79EFBC}") = "InventarioWMSDal", "InventarioWMSDal\InventarioWMSDal.csproj", "{74507A52-D230-44D4-994D-0D5081F0A2E0}"
EndProject
Project("{FAE04EC0-301F-11D3-BF4B-00C04F79EFBC}") = "InventarioWMSEnt", "InventarioWMSEnt\InventarioWMSEnt.csproj", "{7F930A52-3557-4B71-804A-AF7F34BBD49C}"
EndProject
Project("{FAE04EC0-301F-11D3-BF4B-00C04F79EFBC}") = "InventarioWMSSvcInt", "InventarioWMSSvcInt\InventarioWMSSvcInt.csproj", "{E32CA48A-AEDE-4A28-A933-06A3FF727FB7}"
EndProject
Project("{FAE04EC0-301F-11D3-BF4B-00C04F79EFBC}") = "InventarioWMSTest", "InventarioWMSTest\InventarioWMSTest.csproj", "{B7F049AC-3AAA-43FB-9179-6187D3329A75}"
EndProject
Project("{FAE04EC0-301F-11D3-BF4B-00C04F79EFBC}") = "InventarioWMSWeb", "InventarioWMSWeb\InventarioWMSWeb.csproj", "{6516A01D-BE97-405F-9836-4CBB69F69A87}"
EndProject
Project("{C8D11400-126E-41CD-887F-60BD40844F9E}") = "Database", "Database\Database.dbproj", "{67CBC824-A49E-4E9B-A947-360F3DFE65C3}"
EndProject
Global
	GlobalSection(SubversionScc) = preSolution
		Svn-Managed = True
		Manager = AnkhSVN - Subversion Support for Visual Studio
	EndGlobalSection
	GlobalSection(TestCaseManagementSettings) = postSolution
		CategoryFile = InventarioWMS.vsmdi
	EndGlobalSection
	GlobalSection(SolutionConfigurationPlatforms) = preSolution
		Debug|Any CPU = Debug|Any CPU
		Release|Any CPU = Release|Any CPU
	EndGlobalSection
	GlobalSection(ProjectConfigurationPlatforms) = postSolution
		{20961ED4-0D9F-4B4E-A17C-E2A651603846}.Debug|Any CPU.ActiveCfg = Debug|Any CPU
		{20961ED4-0D9F-4B4E-A17C-E2A651603846}.Debug|Any CPU.Build.0 = Debug|Any CPU
		{20961ED4-0D9F-4B4E-A17C-E2A651603846}.Release|Any CPU.ActiveCfg = Release|Any CPU
		{20961ED4-0D9F-4B4E-A17C-E2A651603846}.Release|Any CPU.Build.0 = Release|Any CPU
		{530BF6EF-791C-49B3-910E-163DEABCA229}.Debug|Any CPU.ActiveCfg = Debug|Any CPU
		{530BF6EF-791C-49B3-910E-163DEABCA229}.Debug|Any CPU.Build.0 = Debug|Any CPU
		{530BF6EF-791C-49B3-910E-163DEABCA229}.Release|Any CPU.ActiveCfg = Release|Any CPU
		{530BF6EF-791C-49B3-910E-163DEABCA229}.Release|Any CPU.Build.0 = Release|Any CPU
		{74507A52-D230-44D4-994D-0D5081F0A2E0}.Debug|Any CPU.ActiveCfg = Debug|Any CPU
		{74507A52-D230-44D4-994D-0D5081F0A2E0}.Debug|Any CPU.Build.0 = Debug|Any CPU
		{74507A52-D230-44D4-994D-0D5081F0A2E0}.Release|Any CPU.ActiveCfg = Release|Any CPU
		{74507A52-D230-44D4-994D-0D5081F0A2E0}.Release|Any CPU.Build.0 = Release|Any CPU
		{7F930A52-3557-4B71-804A-AF7F34BBD49C}.Debug|Any CPU.ActiveCfg = Debug|Any CPU
		{7F930A52-3557-4B71-804A-AF7F34BBD49C}.Debug|Any CPU.Build.0 = Debug|Any CPU
		{7F930A52-3557-4B71-804A-AF7F34BBD49C}.Release|Any CPU.ActiveCfg = Release|Any CPU
		{7F930A52-3557-4B71-804A-AF7F34BBD49C}.Release|Any CPU.Build.0 = Release|Any CPU
		{E32CA48A-AEDE-4A28-A933-06A3FF727FB7}.Debug|Any CPU.ActiveCfg = Debug|Any CPU
		{E32CA48A-AEDE-4A28-A933-06A3FF727FB7}.Debug|Any CPU.Build.0 = Debug|Any CPU
		{E32CA48A-AEDE-4A28-A933-06A3FF727FB7}.Release|Any CPU.ActiveCfg = Release|Any CPU
		{E32CA48A-AEDE-4A28-A933-06A3FF727FB7}.Release|Any CPU.Build.0 = Release|Any CPU
		{B7F049AC-3AAA-43FB-9179-6187D3329A75}.Debug|Any CPU.ActiveCfg = Debug|Any CPU
		{B7F049AC-3AAA-43FB-9179-6187D3329A75}.Debug|Any CPU.Build.0 = Debug|Any CPU
		{B7F049AC-3AAA-43FB-9179-6187D3329A75}.Release|Any CPU.ActiveCfg = Release|Any CPU
		{B7F049AC-3AAA-43FB-9179-6187D3329A75}.Release|Any CPU.Build.0 = Release|Any CPU
		{6516A01D-BE97-405F-9836-4CBB69F69A87}.Debug|Any CPU.ActiveCfg = Debug|Any CPU
		{6516A01D-BE97-405F-9836-4CBB69F69A87}.Debug|Any CPU.Build.0 = Debug|Any CPU
		{6516A01D-BE97-405F-9836-4CBB69F69A87}.Release|Any CPU.ActiveCfg = Release|Any CPU
		{6516A01D-BE97-405F-9836-4CBB69F69A87}.Release|Any CPU.Build.0 = Release|Any CPU
		{67CBC824-A49E-4E9B-A947-360F3DFE65C3}.Debug|Any CPU.ActiveCfg = Debug|Any CPU
		{67CBC824-A49E-4E9B-A947-360F3DFE65C3}.Release|Any CPU.ActiveCfg = Release|Any CPU
	EndGlobalSection
	GlobalSection(SolutionProperties) = preSolution
		HideSolutionNode = FALSE
	EndGlobalSection
	GlobalSection(NestedProjects) = preSolution
		{6516A01D-BE97-405F-9836-4CBB69F69A87} = {974A6CC8-3550-4B5C-880D-5F2115DEB4D9}
		{530BF6EF-791C-49B3-910E-163DEABCA229} = {B3BA82A4-4872-4803-B3A3-00E026C6A356}
		{74507A52-D230-44D4-994D-0D5081F0A2E0} = {B3BA82A4-4872-4803-B3A3-00E026C6A356}
		{7F930A52-3557-4B71-804A-AF7F34BBD49C} = {B3BA82A4-4872-4803-B3A3-00E026C6A356}
		{E32CA48A-AEDE-4A28-A933-06A3FF727FB7} = {B3BA82A4-4872-4803-B3A3-00E026C6A356}
		{67CBC824-A49E-4E9B-A947-360F3DFE65C3} = {B3BA82A4-4872-4803-B3A3-00E026C6A356}
		{4EAD0506-A7C9-4EAF-B38A-47F2273B3025} = {EC0B1D83-7375-4203-8E21-5437E320F0C8}
		{B7F049AC-3AAA-43FB-9179-6187D3329A75} = {EC0B1D83-7375-4203-8E21-5437E320F0C8}
	EndGlobalSection
EndGlobal
